{
  "name": "cam-view",
  "lockfileVersion": 3,
  "requires": true,
  "packages": {
    "": {
      "dependencies": {
        "mp4-muxer": "^4.3.3"
      }
    },
    "node_modules/@types/dom-webcodecs": {
      "version": "0.1.11",
      "resolved": "https://registry.npmjs.org/@types/dom-webcodecs/-/dom-webcodecs-0.1.11.tgz",
      "integrity": "sha512-yPEZ3z7EohrmOxbk/QTAa0yonMFkNkjnVXqbGb7D4rMr+F1dGQ8ZUFxXkyLLJuiICPejZ0AZE9Rrk9wUCczx4A=="
    },
    "node_modules/@types/wicg-file-system-access": {
      "version": "2020.9.8",
      "resolved": "https://registry.npmjs.org/@types/wicg-file-system-access/-/wicg-file-system-access-2020.9.8.tgz",
      "integrity": "sha512-ggMz8nOygG7d/stpH40WVaNvBwuyYLnrg5Mbyf6bmsj/8+gb6Ei4ZZ9/4PNpcPNTT8th9Q8sM8wYmWGjMWLX/A=="
    },
    "node_modules/mp4-muxer": {
      "version": "4.3.3",
      "resolved": "https://registry.npmjs.org/mp4-muxer/-/mp4-muxer-4.3.3.tgz",
      "integrity": "sha512-kuZWsEaZorpDAb3JTZmLeCoyDM+Jhf3QPZx7x3V7/zaxy5NC/j2tfWetVjaHG8cSJOMBrHed7p3cKHU6Lxcaxw==",
      "dependencies": {
        "@types/dom-webcodecs": "^0.1.6",
        "@types/wicg-file-system-access": "^2020.9.5"
      }
    }
  }
}
